{
  "name": "turbo-practice",
  "lockfileVersion": 3,
  "requires": true,
  "packages": {
    "": {
      "name": "turbo-practice",
      "workspaces": [
        "apps/*"
      ],
      "devDependencies": {
        "turbo": "^1.9.3"
      }
    },
    "apps/docs": {
      "version": "1.0.0",
      "extraneous": true,
      "dependencies": {
        "next": "^13.4.1",
        "react": "^18.2.0",
        "react-dom": "^18.2.0",
        "ui": "*"
      },
      "devDependencies": {
        "@types/node": "^17.0.12",
        "@types/react": "^18.0.22",
        "@types/react-dom": "^18.0.7",
        "eslint-config-custom": "*",
        "tsconfig": "*",
        "typescript": "^4.5.3"
      }
    },
    "apps/sample-app": {
      "version": "1.0.0"
    },
    "apps/web": {
      "version": "1.0.0",
      "extraneous": true,
      "dependencies": {
        "next": "^13.4.1",
        "react": "^18.2.0",
        "react-dom": "^18.2.0",
        "ui": "*"
      },
      "devDependencies": {
        "@types/node": "^17.0.12",
        "@types/react": "^18.0.22",
        "@types/react-dom": "^18.0.7",
        "eslint-config-custom": "*",
        "tsconfig": "*",
        "typescript": "^4.5.3"
      }
    },
    "node_modules/sample-app": {
      "resolved": "apps/sample-app",
      "link": true
    },
    "node_modules/turbo": {
      "version": "1.9.6",
      "resolved": "https://registry.npmjs.org/turbo/-/turbo-1.9.6.tgz",
      "integrity": "sha512-mLbCIAYNbSm60kVhBiAr+YA1BYpPObS/y7rqw1hjh36ZdJDp35lUSeqdBs6oGt0Y4hnmN4ZeIXu8zMVRR03/vw==",
      "dev": true,
      "hasInstallScript": true,
      "bin": {
        "turbo": "bin/turbo"
      },
      "optionalDependencies": {
        "turbo-darwin-64": "1.9.6",
        "turbo-darwin-arm64": "1.9.6",
        "turbo-linux-64": "1.9.6",
        "turbo-linux-arm64": "1.9.6",
        "turbo-windows-64": "1.9.6",
        "turbo-windows-arm64": "1.9.6"
      }
    },
    "node_modules/turbo-darwin-64": {
      "version": "1.9.6",
      "resolved": "https://registry.npmjs.org/turbo-darwin-64/-/turbo-darwin-64-1.9.6.tgz",
      "integrity": "sha512-9jmxyCAcPrJiPD/EmtK2tObrPGblmyORCgNgtcw1iozcfC7kqungWTfbnHrvTNUfUmVhH0sA3BGzshpuslbQHg==",
      "cpu": [
        "x64"
      ],
      "dev": true,
      "optional": true,
      "os": [
        "darwin"
      ]
    },
    "node_modules/turbo-darwin-arm64": {
      "version": "1.9.6",
      "resolved": "https://registry.npmjs.org/turbo-darwin-arm64/-/turbo-darwin-arm64-1.9.6.tgz",
      "integrity": "sha512-5f8ajEi8mOdAZ0AXavu/TzkHGEUi7tw+paefff7KK+XTUrdeyTlf8ULiTI+r97uH1jsYeTeL4JPu9IsEx+bL6g==",
      "cpu": [
        "arm64"
      ],
      "dev": true,
      "optional": true,
      "os": [
        "darwin"
      ]
    },
    "node_modules/turbo-linux-64": {
      "version": "1.9.6",
      "resolved": "https://registry.npmjs.org/turbo-linux-64/-/turbo-linux-64-1.9.6.tgz",
      "integrity": "sha512-UrCDMl2Nqd/kxNEJonqvDg8nmZU4UggVQTmqcdYyuOiCA3H98jxggQqZh1VGeF23XDbCWHSQjnbkLeoUvQJWKw==",
      "cpu": [
        "x64"
      ],
      "dev": true,
      "optional": true,
      "os": [
        "linux"
      ]
    },
    "node_modules/turbo-linux-arm64": {
      "version": "1.9.6",
      "resolved": "https://registry.npmjs.org/turbo-linux-arm64/-/turbo-linux-arm64-1.9.6.tgz",
      "integrity": "sha512-oOxAT6lNiMpYVZPWzFNsUvC2LQgKYyH4aBnkeoBnjuAUk8BK5AhUWSWl4QlfTcBWW4LnjDPeZQKrbnxvHhPVsw==",
      "cpu": [
        "arm64"
      ],
      "dev": true,
      "optional": true,
      "os": [
        "linux"
      ]
    },
    "node_modules/turbo-windows-64": {
      "version": "1.9.6",
      "resolved": "https://registry.npmjs.org/turbo-windows-64/-/turbo-windows-64-1.9.6.tgz",
      "integrity": "sha512-65UxLL1vb5RItzJYNerO5c+yPMzSnD+GvJxfBZIvAwSnb+4ulhPRHzQOYinVq4PZ2DosBZOorWPRf97POmhvog==",
      "cpu": [
        "x64"
      ],
      "dev": true,
      "optional": true,
      "os": [
        "win32"
      ]
    },
    "node_modules/turbo-windows-arm64": {
      "version": "1.9.6",
      "resolved": "https://registry.npmjs.org/turbo-windows-arm64/-/turbo-windows-arm64-1.9.6.tgz",
      "integrity": "sha512-aF9VzYT+vaKNbZGDccN7AYrNhph4gr6yOFN7GtTr777IwS5FGW7evku7RScsua5r2HwVKvBO2WjyadpbXuoOOQ==",
      "cpu": [
        "arm64"
      ],
      "dev": true,
      "optional": true,
      "os": [
        "win32"
      ]
    },
    "packages/eslint-config-custom": {
      "version": "0.0.0",
      "extraneous": true,
      "license": "MIT",
      "dependencies": {
        "eslint-config-next": "^13.4.1",
        "eslint-config-prettier": "^8.3.0",
        "eslint-config-turbo": "^1.9.3",
        "eslint-plugin-react": "7.28.0"
      }
    },
    "packages/tsconfig": {
      "version": "0.0.0",
      "extraneous": true,
      "license": "MIT"
    },
    "packages/ui": {
      "version": "0.0.0",
      "extraneous": true,
      "license": "MIT",
      "devDependencies": {
        "@types/react": "^18.2.0",
        "@types/react-dom": "^18.2.0",
        "eslint": "^7.32.0",
        "eslint-config-custom": "*",
        "react": "^17.0.2",
        "tsconfig": "*",
        "typescript": "^4.5.2"
      }
    }
  }
}
